
Microsoft Visual Studio Solution File, Format Version 12.00
# Visual Studio 15
VisualStudioVersion = 15.0.28307.421
MinimumVisualStudioVersion = 10.0.40219.1
Project("{FAE04EC0-301F-11D3-BF4B-00C04F79EFBC}") = "GestionTickets", "GestionTickets\GestionTickets.csproj", "{3977DE1A-A987-4753-B4A0-54196CAF3F73}"
EndProject
Global
	GlobalSection(SolutionConfigurationPlatforms) = preSolution
		Debug|Any CPU = Debug|Any CPU
		Release|Any CPU = Release|Any CPU
	EndGlobalSection
	GlobalSection(ProjectConfigurationPlatforms) = postSolution
		{3977DE1A-A987-4753-B4A0-54196CAF3F73}.Debug|Any CPU.ActiveCfg = Debug|Any CPU
		{3977DE1A-A987-4753-B4A0-54196CAF3F73}.Debug|Any CPU.Build.0 = Debug|Any CPU
		{3977DE1A-A987-4753-B4A0-54196CAF3F73}.Release|Any CPU.ActiveCfg = Release|Any CPU
		{3977DE1A-A987-4753-B4A0-54196CAF3F73}.Release|Any CPU.Build.0 = Release|Any CPU
	EndGlobalSection
	GlobalSection(SolutionProperties) = preSolution
		HideSolutionNode = FALSE
	EndGlobalSection
	GlobalSection(ExtensibilityGlobals) = postSolution
		SolutionGuid = {5EC31A09-4C6D-4FCB-B90D-730BA68EC714}
	EndGlobalSection
EndGlobal
